#
# This file is autogenerated by pip-compile with Python 3.14
# by the following command:
#
#    pip-compile --extra=dev --output-file=requirements-dev.lock pyproject.toml
#
bandit==1.9.4
    # via ematix-probe (pyproject.toml)
boolean-py==5.0
    # via license-expression
boto3==1.43.6
    # via
    #   ematix-probe (pyproject.toml)
    #   testcontainers
botocore==1.43.6
    # via
    #   boto3
    #   s3transfer
build==1.5.0
    # via pip-tools
cachecontrol[filecache]==0.14.4
    # via
    #   cachecontrol
    #   pip-audit
certifi==2026.4.22
    # via requests
charset-normalizer==3.4.7
    # via requests
click==8.3.3
    # via pip-tools
coverage[toml]==7.13.5
    # via pytest-cov
cyclonedx-python-lib==11.7.0
    # via pip-audit
defusedxml==0.7.1
    # via py-serializable
docker==7.1.0
    # via testcontainers
filelock==3.29.0
    # via cachecontrol
idna==3.13
    # via requests
iniconfig==2.3.0
    # via pytest
jmespath==1.1.0
    # via
    #   boto3
    #   botocore
license-expression==30.4.4
    # via cyclonedx-python-lib
markdown-it-py==4.2.0
    # via rich
maturin==1.13.1
    # via ematix-probe (pyproject.toml)
mdurl==0.1.2
    # via markdown-it-py
msgpack==1.1.2
    # via cachecontrol
packageurl-python==0.17.6
    # via cyclonedx-python-lib
packaging==26.2
    # via
    #   build
    #   pip-audit
    #   pip-requirements-parser
    #   pytest
    #   wheel
pip-api==0.0.34
    # via pip-audit
pip-audit==2.10.0
    # via ematix-probe (pyproject.toml)
pip-licenses==5.5.5
    # via ematix-probe (pyproject.toml)
pip-requirements-parser==32.0.1
    # via pip-audit
pip-tools==7.5.3
    # via ematix-probe (pyproject.toml)
platformdirs==4.9.6
    # via pip-audit
pluggy==1.6.0
    # via
    #   pytest
    #   pytest-cov
prettytable==3.17.0
    # via pip-licenses
psycopg2-binary==2.9.12
    # via ematix-probe (pyproject.toml)
py-serializable==2.1.0
    # via cyclonedx-python-lib
pygments==2.20.0
    # via
    #   pytest
    #   rich
pyparsing==3.3.2
    # via pip-requirements-parser
pyproject-hooks==1.2.0
    # via
    #   build
    #   pip-tools
pytest==9.0.3
    # via
    #   ematix-probe (pyproject.toml)
    #   pytest-asyncio
    #   pytest-cov
pytest-asyncio==1.3.0
    # via ematix-probe (pyproject.toml)
pytest-cov==7.1.0
    # via ematix-probe (pyproject.toml)
python-dateutil==2.9.0.post0
    # via botocore
python-dotenv==1.2.2
    # via testcontainers
pyyaml==6.0.3
    # via bandit
requests==2.33.1
    # via
    #   cachecontrol
    #   docker
    #   pip-audit
rich==15.0.0
    # via
    #   bandit
    #   pip-audit
ruff==0.15.12
    # via ematix-probe (pyproject.toml)
s3transfer==0.17.0
    # via boto3
six==1.17.0
    # via python-dateutil
sortedcontainers==2.4.0
    # via cyclonedx-python-lib
stevedore==5.7.0
    # via bandit
testcontainers[localstack,postgres]==4.14.2
    # via ematix-probe (pyproject.toml)
tomli==2.4.1
    # via pip-audit
tomli-w==1.2.0
    # via pip-audit
typing-extensions==4.15.0
    # via testcontainers
urllib3==2.7.0
    # via
    #   botocore
    #   docker
    #   requests
    #   testcontainers
wcwidth==0.7.0
    # via prettytable
wheel==0.47.0
    # via pip-tools
wrapt==2.1.2
    # via testcontainers

# The following packages are considered to be unsafe in a requirements file:
# pip
# setuptools
